
Microsoft Visual Studio Solution File, Format Version 12.00
# Visual Studio 14
VisualStudioVersion = 14.0.23107.0
MinimumVisualStudioVersion = 10.0.40219.1
Project("{FAE04EC0-301F-11D3-BF4B-00C04F79EFBC}") = "WeekendWarriors", "WeekendWarriors\WeekendWarriors.csproj", "{D009B9C5-FACE-4874-A12A-088A257EF72F}"
EndProject
Project("{FAE04EC0-301F-11D3-BF4B-00C04F79EFBC}") = "WeekendWarriors.Tests", "WeekendWarriors.Tests\WeekendWarriors.Tests.csproj", "{DC23C9FE-D3D1-439F-84DD-76C48AB36618}"
EndProject
Global
	GlobalSection(SolutionConfigurationPlatforms) = preSolution
		Debug|Any CPU = Debug|Any CPU
		Release|Any CPU = Release|Any CPU
	EndGlobalSection
	GlobalSection(ProjectConfigurationPlatforms) = postSolution
		{D009B9C5-FACE-4874-A12A-088A257EF72F}.Debug|Any CPU.ActiveCfg = Debug|Any CPU
		{D009B9C5-FACE-4874-A12A-088A257EF72F}.Debug|Any CPU.Build.0 = Debug|Any CPU
		{D009B9C5-FACE-4874-A12A-088A257EF72F}.Release|Any CPU.ActiveCfg = Release|Any CPU
		{D009B9C5-FACE-4874-A12A-088A257EF72F}.Release|Any CPU.Build.0 = Release|Any CPU
		{DC23C9FE-D3D1-439F-84DD-76C48AB36618}.Debug|Any CPU.ActiveCfg = Debug|Any CPU
		{DC23C9FE-D3D1-439F-84DD-76C48AB36618}.Debug|Any CPU.Build.0 = Debug|Any CPU
		{DC23C9FE-D3D1-439F-84DD-76C48AB36618}.Release|Any CPU.ActiveCfg = Release|Any CPU
		{DC23C9FE-D3D1-439F-84DD-76C48AB36618}.Release|Any CPU.Build.0 = Release|Any CPU
	EndGlobalSection
	GlobalSection(SolutionProperties) = preSolution
		HideSolutionNode = FALSE
	EndGlobalSection
EndGlobal
